// !$*UTF8*$!
{
	archiveVersion = 1;
	classes = {
	};
	objectVersion = 56;
	objects = {

/* Begin PBXBuildFile section */
		AF08C11929F31A2200FE3B21 /* ImageListController.swift in Sources */ = {isa = PBXBuildFile; fileRef = AF08C11829F31A2200FE3B21 /* ImageListController.swift */; };
		AF08C11B29F31A5900FE3B21 /* ImageListPresenterSp.swift in Sources */ = {isa = PBXBuildFile; fileRef = AF08C11A29F31A5900FE3B21 /* ImageListPresenterSp.swift */; };
		AF433BBF298C4B0200048390 /* UILable+Extentions.swift in Sources */ = {isa = PBXBuildFile; fileRef = AF433BBE298C4B0200048390 /* UILable+Extentions.swift */; };
		AF433BC1298C4C6C00048390 /* UIImage+Extentions.swift in Sources */ = {isa = PBXBuildFile; fileRef = AF433BC0298C4C6C00048390 /* UIImage+Extentions.swift */; };
		AF433BC3298C505600048390 /* UIButton+Extentions.swift in Sources */ = {isa = PBXBuildFile; fileRef = AF433BC2298C505600048390 /* UIButton+Extentions.swift */; };
		AF433BC7298C5D2000048390 /* SplashViewController.swift in Sources */ = {isa = PBXBuildFile; fileRef = AF433BC6298C5D2000048390 /* SplashViewController.swift */; };
		AF433BC9298C5D5000048390 /* AuthViewController.swift in Sources */ = {isa = PBXBuildFile; fileRef = AF433BC8298C5D5000048390 /* AuthViewController.swift */; };
		AF433BCB298C5D5F00048390 /* WebViewViewController.swift in Sources */ = {isa = PBXBuildFile; fileRef = AF433BCA298C5D5F00048390 /* WebViewViewController.swift */; };
		AF433BD329919DA800048390 /* OAuth2Service.swift in Sources */ = {isa = PBXBuildFile; fileRef = AF433BD229919DA800048390 /* OAuth2Service.swift */; };
		AF433BD729919FD800048390 /* OAuth2TokenStorage.swift in Sources */ = {isa = PBXBuildFile; fileRef = AF433BD629919FD800048390 /* OAuth2TokenStorage.swift */; };
		AF433BDB2991A56500048390 /* OAuthTokenResponseBody.swift in Sources */ = {isa = PBXBuildFile; fileRef = AF433BDA2991A56500048390 /* OAuthTokenResponseBody.swift */; };
		AF610AE429EF0B6C00BC51B3 /*  ConformWebViewViewControllerProtocol.swift in Sources */ = {isa = PBXBuildFile; fileRef = AF610AE329EF0B6C00BC51B3 /*  ConformWebViewViewControllerProtocol.swift */; };
		AF610AE629F00B6600BC51B3 /* AuthConfiguration.swift in Sources */ = {isa = PBXBuildFile; fileRef = AF610AE529F00B6600BC51B3 /* AuthConfiguration.swift */; };
		AF610AE829F00D5800BC51B3 /* AuthHelper.swift in Sources */ = {isa = PBXBuildFile; fileRef = AF610AE729F00D5800BC51B3 /* AuthHelper.swift */; };
		AF610AEA29F027AF00BC51B3 /* WebViewPresenterSpy.swift in Sources */ = {isa = PBXBuildFile; fileRef = AF610AE929F027AF00BC51B3 /* WebViewPresenterSpy.swift */; };
		AF610AED29F0282500BC51B3 /* WebViewControllerSpy.swift in Sources */ = {isa = PBXBuildFile; fileRef = AF610AEC29F0282500BC51B3 /* WebViewControllerSpy.swift */; };
		AF610AF529F0428700BC51B3 /* ImageFeedUITests.swift in Sources */ = {isa = PBXBuildFile; fileRef = AF610AF429F0428700BC51B3 /* ImageFeedUITests.swift */; };
		AF610AF729F0428700BC51B3 /* ImageFeedUITestsLaunchTests.swift in Sources */ = {isa = PBXBuildFile; fileRef = AF610AF629F0428700BC51B3 /* ImageFeedUITestsLaunchTests.swift */; };
		AF610AFE29F0804900BC51B3 /* WebViewViewControllerProtocol.swift in Sources */ = {isa = PBXBuildFile; fileRef = AF610AFD29F0804900BC51B3 /* WebViewViewControllerProtocol.swift */; };
		AF610B0229F080A600BC51B3 /* WebViewPresenterProtocol.swift in Sources */ = {isa = PBXBuildFile; fileRef = AF610B0129F080A600BC51B3 /* WebViewPresenterProtocol.swift */; };
		AF610B0429F080C400BC51B3 /* AuthHelperProtocol.swift in Sources */ = {isa = PBXBuildFile; fileRef = AF610B0329F080C400BC51B3 /* AuthHelperProtocol.swift */; };
		AF610B0729F080F000BC51B3 /* ProfilePresenterProtocol.swift in Sources */ = {isa = PBXBuildFile; fileRef = AF610B0629F080F000BC51B3 /* ProfilePresenterProtocol.swift */; };
		AF610B0A29F0811300BC51B3 /* ProfileViewProtocol.swift in Sources */ = {isa = PBXBuildFile; fileRef = AF610B0929F0811300BC51B3 /* ProfileViewProtocol.swift */; };
		AF610B0C29F0888700BC51B3 /* ClearCookie.swift in Sources */ = {isa = PBXBuildFile; fileRef = AF610B0B29F0888700BC51B3 /* ClearCookie.swift */; };
		AF610B0E29F138AE00BC51B3 /* ImageListPresenter.swift in Sources */ = {isa = PBXBuildFile; fileRef = AF610B0D29F138AE00BC51B3 /* ImageListPresenter.swift */; };
		AF610B1029F1399200BC51B3 /* ImagesListViewControllerProtocol.swift in Sources */ = {isa = PBXBuildFile; fileRef = AF610B0F29F1399200BC51B3 /* ImagesListViewControllerProtocol.swift */; };
		AF610B1229F139B300BC51B3 /* ImageListPresenterProtocol.swift in Sources */ = {isa = PBXBuildFile; fileRef = AF610B1129F139B300BC51B3 /* ImageListPresenterProtocol.swift */; };
		AF610B1529F17C6400BC51B3 /* ProfileViewTests.swift in Sources */ = {isa = PBXBuildFile; fileRef = AF610B1429F17C6400BC51B3 /* ProfileViewTests.swift */; };
		AF610B1829F18DE200BC51B3 /* ProfileControllerSp.swift in Sources */ = {isa = PBXBuildFile; fileRef = AF610B1729F18DE200BC51B3 /* ProfileControllerSp.swift */; };
		AF610B1A29F18E2200BC51B3 /* ProfilePresenterSpy.swift in Sources */ = {isa = PBXBuildFile; fileRef = AF610B1929F18E2200BC51B3 /* ProfilePresenterSpy.swift */; };
		AF610B1C29F18EAA00BC51B3 /* ImageListTests.swift in Sources */ = {isa = PBXBuildFile; fileRef = AF610B1B29F18EAA00BC51B3 /* ImageListTests.swift */; };
		AF6475152950802A0001C2C5 /* ImagesListCell.swift in Sources */ = {isa = PBXBuildFile; fileRef = AF6475142950802A0001C2C5 /* ImagesListCell.swift */; };
		AF6475172950F1A60001C2C5 /* Date+Extensions.swift in Sources */ = {isa = PBXBuildFile; fileRef = AF6475162950F1A50001C2C5 /* Date+Extensions.swift */; };
		AF6475212950FD180001C2C5 /* UIColor+Extensions.swift in Sources */ = {isa = PBXBuildFile; fileRef = AF6475202950FD180001C2C5 /* UIColor+Extensions.swift */; };
		AF6CC18D29D9923C0029E408 /* ProfilePresenter.swift in Sources */ = {isa = PBXBuildFile; fileRef = AF6CC18C29D9923C0029E408 /* ProfilePresenter.swift */; };
		AF6CC18F29D99A9E0029E408 /* ImageViewPresenter.swift in Sources */ = {isa = PBXBuildFile; fileRef = AF6CC18E29D99A9E0029E408 /* ImageViewPresenter.swift */; };
		AF6CC19129D9B3B30029E408 /* WebViewPresenter.swift in Sources */ = {isa = PBXBuildFile; fileRef = AF6CC19029D9B3B30029E408 /* WebViewPresenter.swift */; };
		AF6CC19329D9B7840029E408 /* SplashViewPresenter.swift in Sources */ = {isa = PBXBuildFile; fileRef = AF6CC19229D9B7840029E408 /* SplashViewPresenter.swift */; };
		AF6F6577294F5B140072C79E /* AppDelegate.swift in Sources */ = {isa = PBXBuildFile; fileRef = AF6F6576294F5B140072C79E /* AppDelegate.swift */; };
		AF6F6579294F5B140072C79E /* SceneDelegate.swift in Sources */ = {isa = PBXBuildFile; fileRef = AF6F6578294F5B140072C79E /* SceneDelegate.swift */; };
		AF6F657B294F5B140072C79E /* ImagesListViewController.swift in Sources */ = {isa = PBXBuildFile; fileRef = AF6F657A294F5B140072C79E /* ImagesListViewController.swift */; };
		AF6F657E294F5B140072C79E /* Main.storyboard in Resources */ = {isa = PBXBuildFile; fileRef = AF6F657C294F5B140072C79E /* Main.storyboard */; };
		AF6F6580294F5B160072C79E /* Assets.xcassets in Resources */ = {isa = PBXBuildFile; fileRef = AF6F657F294F5B160072C79E /* Assets.xcassets */; };
		AF6F6583294F5B160072C79E /* LaunchScreen.storyboard in Resources */ = {isa = PBXBuildFile; fileRef = AF6F6581294F5B160072C79E /* LaunchScreen.storyboard */; };
		AF79CC822974824500F9A98C /* UIFont+Extentions.swift in Sources */ = {isa = PBXBuildFile; fileRef = AF79CC812974824500F9A98C /* UIFont+Extentions.swift */; };
		AF7E48CC297EB353009149BC /* Constants.swift in Sources */ = {isa = PBXBuildFile; fileRef = AF7E48CB297EB353009149BC /* Constants.swift */; };
		AF9E84AD29C5FF0600DF6481 /* ImagesListService.swift in Sources */ = {isa = PBXBuildFile; fileRef = AF9E84AC29C5FF0600DF6481 /* ImagesListService.swift */; };
		AF9E84AF29C5FF3E00DF6481 /* PhotoResult.swift in Sources */ = {isa = PBXBuildFile; fileRef = AF9E84AE29C5FF3E00DF6481 /* PhotoResult.swift */; };
		AF9E84B129C6011A00DF6481 /* Photo.swift in Sources */ = {isa = PBXBuildFile; fileRef = AF9E84B029C6011A00DF6481 /* Photo.swift */; };
		AF9E84BB29C63C7300DF6481 /* WebViewTests.swift in Sources */ = {isa = PBXBuildFile; fileRef = AF9E84BA29C63C7300DF6481 /* WebViewTests.swift */; };
		AFA8F93629AD05DC00B413A6 /* UIBlockingProgressHUD.swift in Sources */ = {isa = PBXBuildFile; fileRef = AFA8F93529AD05DC00B413A6 /* UIBlockingProgressHUD.swift */; };
		AFA8F93829AFA29A00B413A6 /* ProfileImageService.swift in Sources */ = {isa = PBXBuildFile; fileRef = AFA8F93729AFA29A00B413A6 /* ProfileImageService.swift */; };
		AFA8F93A29AFA2BE00B413A6 /* UserResult.swift in Sources */ = {isa = PBXBuildFile; fileRef = AFA8F93929AFA2BE00B413A6 /* UserResult.swift */; };
		AFA8F94029B4172800B413A6 /* Kingfisher in Frameworks */ = {isa = PBXBuildFile; productRef = AFA8F93F29B4172800B413A6 /* Kingfisher */; };
		AFA8F94329B493DB00B413A6 /* SwiftKeychainWrapper in Frameworks */ = {isa = PBXBuildFile; productRef = AFA8F94229B493DB00B413A6 /* SwiftKeychainWrapper */; };
		AFA8F94529B496A200B413A6 /* TabBarController.swift in Sources */ = {isa = PBXBuildFile; fileRef = AFA8F94429B496A200B413A6 /* TabBarController.swift */; };
		AFB3BCB129B96949008672CE /* AlertController.swift in Sources */ = {isa = PBXBuildFile; fileRef = AFB3BCB029B96949008672CE /* AlertController.swift */; };
		AFC2CDBD2966EF70005FCC14 /* ProfileViewController.swift in Sources */ = {isa = PBXBuildFile; fileRef = AFC2CDBC2966EF70005FCC14 /* ProfileViewController.swift */; };
		AFC2CDC3296DBD5F005FCC14 /* ImageViewController.swift in Sources */ = {isa = PBXBuildFile; fileRef = AFC2CDC2296DBD5F005FCC14 /* ImageViewController.swift */; };
		AFC42522297850DD004D98C0 /* SF-Pro.ttf in Resources */ = {isa = PBXBuildFile; fileRef = AFC42521297850DD004D98C0 /* SF-Pro.ttf */; };
		AFE784D029A2A74100AE2BB2 /* AuthViewControllerDelegate.swift in Sources */ = {isa = PBXBuildFile; fileRef = AFE784CF29A2A74100AE2BB2 /* AuthViewControllerDelegate.swift */; };
		AFE784D229A2A7B900AE2BB2 /* AuthViewController+WebViewViewControllerDelegate.swift in Sources */ = {isa = PBXBuildFile; fileRef = AFE784D129A2A7B900AE2BB2 /* AuthViewController+WebViewViewControllerDelegate.swift */; };
		AFE784D429A2A84300AE2BB2 /* WebViewViewControllerDelegate.swift in Sources */ = {isa = PBXBuildFile; fileRef = AFE784D329A2A84300AE2BB2 /* WebViewViewControllerDelegate.swift */; };
		AFE784D629A2A8D600AE2BB2 /* WebViewViewController+ WKNavigationDelegate.swift in Sources */ = {isa = PBXBuildFile; fileRef = AFE784D529A2A8D600AE2BB2 /* WebViewViewController+ WKNavigationDelegate.swift */; };
		AFE784DC29A2ABDA00AE2BB2 /* URLRequest+Extensions.swift in Sources */ = {isa = PBXBuildFile; fileRef = AFE784DB29A2ABDA00AE2BB2 /* URLRequest+Extensions.swift */; };
		AFE784DE29A2AC3D00AE2BB2 /* URLSession+Extensions.swift in Sources */ = {isa = PBXBuildFile; fileRef = AFE784DD29A2AC3D00AE2BB2 /* URLSession+Extensions.swift */; };
		AFE784E329A2ACB200AE2BB2 /* NetworkError.swift in Sources */ = {isa = PBXBuildFile; fileRef = AFE784E229A2ACB200AE2BB2 /* NetworkError.swift */; };
		AFE784E629A9045B00AE2BB2 /* ProgressHUD in Frameworks */ = {isa = PBXBuildFile; productRef = AFE784E529A9045B00AE2BB2 /* ProgressHUD */; };
		AFE784E829AB54A100AE2BB2 /* ProfileService.swift in Sources */ = {isa = PBXBuildFile; fileRef = AFE784E729AB54A100AE2BB2 /* ProfileService.swift */; };
		AFE784EA29AB54E900AE2BB2 /* ProfileResult.swift in Sources */ = {isa = PBXBuildFile; fileRef = AFE784E929AB54E900AE2BB2 /* ProfileResult.swift */; };
		AFE784EC29AB550600AE2BB2 /* Profile.swift in Sources */ = {isa = PBXBuildFile; fileRef = AFE784EB29AB550600AE2BB2 /* Profile.swift */; };
/* End PBXBuildFile section */

/* Begin PBXContainerItemProxy section */
		AF610AF829F0428700BC51B3 /* PBXContainerItemProxy */ = {
			isa = PBXContainerItemProxy;
			containerPortal = AF6F656B294F5B140072C79E /* Project object */;
			proxyType = 1;
			remoteGlobalIDString = AF6F6572294F5B140072C79E;
			remoteInfo = ImageFeed;
		};
		AF9E84BC29C63C7300DF6481 /* PBXContainerItemProxy */ = {
			isa = PBXContainerItemProxy;
			containerPortal = AF6F656B294F5B140072C79E /* Project object */;
			proxyType = 1;
			remoteGlobalIDString = AF6F6572294F5B140072C79E;
			remoteInfo = ImageFeed;
		};
/* End PBXContainerItemProxy section */

/* Begin PBXFileReference section */
		AF08C11829F31A2200FE3B21 /* ImageListController.swift */ = {isa = PBXFileReference; lastKnownFileType = sourcecode.swift; path = ImageListController.swift; sourceTree = "<group>"; };
		AF08C11A29F31A5900FE3B21 /* ImageListPresenterSp.swift */ = {isa = PBXFileReference; lastKnownFileType = sourcecode.swift; path = ImageListPresenterSp.swift; sourceTree = "<group>"; };
		AF433BBE298C4B0200048390 /* UILable+Extentions.swift */ = {isa = PBXFileReference; lastKnownFileType = sourcecode.swift; path = "UILable+Extentions.swift"; sourceTree = "<group>"; };
		AF433BC0298C4C6C00048390 /* UIImage+Extentions.swift */ = {isa = PBXFileReference; lastKnownFileType = sourcecode.swift; path = "UIImage+Extentions.swift"; sourceTree = "<group>"; };
		AF433BC2298C505600048390 /* UIButton+Extentions.swift */ = {isa = PBXFileReference; lastKnownFileType = sourcecode.swift; path = "UIButton+Extentions.swift"; sourceTree = "<group>"; };
		AF433BC6298C5D2000048390 /* SplashViewController.swift */ = {isa = PBXFileReference; lastKnownFileType = sourcecode.swift; path = SplashViewController.swift; sourceTree = "<group>"; };
		AF433BC8298C5D5000048390 /* AuthViewController.swift */ = {isa = PBXFileReference; lastKnownFileType = sourcecode.swift; path = AuthViewController.swift; sourceTree = "<group>"; };
		AF433BCA298C5D5F00048390 /* WebViewViewController.swift */ = {isa = PBXFileReference; lastKnownFileType = sourcecode.swift; path = WebViewViewController.swift; sourceTree = "<group>"; };
		AF433BD229919DA800048390 /* OAuth2Service.swift */ = {isa = PBXFileReference; lastKnownFileType = sourcecode.swift; path = OAuth2Service.swift; sourceTree = "<group>"; };
		AF433BD629919FD800048390 /* OAuth2TokenStorage.swift */ = {isa = PBXFileReference; lastKnownFileType = sourcecode.swift; path = OAuth2TokenStorage.swift; sourceTree = "<group>"; };
		AF433BDA2991A56500048390 /* OAuthTokenResponseBody.swift */ = {isa = PBXFileReference; lastKnownFileType = sourcecode.swift; path = OAuthTokenResponseBody.swift; sourceTree = "<group>"; };
		AF610AE329EF0B6C00BC51B3 /*  ConformWebViewViewControllerProtocol.swift */ = {isa = PBXFileReference; lastKnownFileType = sourcecode.swift; path = " ConformWebViewViewControllerProtocol.swift"; sourceTree = "<group>"; };
		AF610AE529F00B6600BC51B3 /* AuthConfiguration.swift */ = {isa = PBXFileReference; lastKnownFileType = sourcecode.swift; path = AuthConfiguration.swift; sourceTree = "<group>"; };
		AF610AE729F00D5800BC51B3 /* AuthHelper.swift */ = {isa = PBXFileReference; lastKnownFileType = sourcecode.swift; path = AuthHelper.swift; sourceTree = "<group>"; };
		AF610AE929F027AF00BC51B3 /* WebViewPresenterSpy.swift */ = {isa = PBXFileReference; lastKnownFileType = sourcecode.swift; path = WebViewPresenterSpy.swift; sourceTree = "<group>"; };
		AF610AEC29F0282500BC51B3 /* WebViewControllerSpy.swift */ = {isa = PBXFileReference; lastKnownFileType = sourcecode.swift; path = WebViewControllerSpy.swift; sourceTree = "<group>"; };
		AF610AF229F0428700BC51B3 /* ImageFeedUITests.xctest */ = {isa = PBXFileReference; explicitFileType = wrapper.cfbundle; includeInIndex = 0; path = ImageFeedUITests.xctest; sourceTree = BUILT_PRODUCTS_DIR; };
		AF610AF429F0428700BC51B3 /* ImageFeedUITests.swift */ = {isa = PBXFileReference; lastKnownFileType = sourcecode.swift; path = ImageFeedUITests.swift; sourceTree = "<group>"; };
		AF610AF629F0428700BC51B3 /* ImageFeedUITestsLaunchTests.swift */ = {isa = PBXFileReference; lastKnownFileType = sourcecode.swift; path = ImageFeedUITestsLaunchTests.swift; sourceTree = "<group>"; };
		AF610AFD29F0804900BC51B3 /* WebViewViewControllerProtocol.swift */ = {isa = PBXFileReference; lastKnownFileType = sourcecode.swift; path = WebViewViewControllerProtocol.swift; sourceTree = "<group>"; };
		AF610B0129F080A600BC51B3 /* WebViewPresenterProtocol.swift */ = {isa = PBXFileReference; lastKnownFileType = sourcecode.swift; path = WebViewPresenterProtocol.swift; sourceTree = "<group>"; };
		AF610B0329F080C400BC51B3 /* AuthHelperProtocol.swift */ = {isa = PBXFileReference; lastKnownFileType = sourcecode.swift; path = AuthHelperProtocol.swift; sourceTree = "<group>"; };
		AF610B0629F080F000BC51B3 /* ProfilePresenterProtocol.swift */ = {isa = PBXFileReference; lastKnownFileType = sourcecode.swift; path = ProfilePresenterProtocol.swift; sourceTree = "<group>"; };
		AF610B0929F0811300BC51B3 /* ProfileViewProtocol.swift */ = {isa = PBXFileReference; lastKnownFileType = sourcecode.swift; path = ProfileViewProtocol.swift; sourceTree = "<group>"; };
		AF610B0B29F0888700BC51B3 /* ClearCookie.swift */ = {isa = PBXFileReference; lastKnownFileType = sourcecode.swift; path = ClearCookie.swift; sourceTree = "<group>"; };
		AF610B0D29F138AE00BC51B3 /* ImageListPresenter.swift */ = {isa = PBXFileReference; lastKnownFileType = sourcecode.swift; path = ImageListPresenter.swift; sourceTree = "<group>"; };
		AF610B0F29F1399200BC51B3 /* ImagesListViewControllerProtocol.swift */ = {isa = PBXFileReference; lastKnownFileType = sourcecode.swift; path = ImagesListViewControllerProtocol.swift; sourceTree = "<group>"; };
		AF610B1129F139B300BC51B3 /* ImageListPresenterProtocol.swift */ = {isa = PBXFileReference; lastKnownFileType = sourcecode.swift; path = ImageListPresenterProtocol.swift; sourceTree = "<group>"; };
		AF610B1429F17C6400BC51B3 /* ProfileViewTests.swift */ = {isa = PBXFileReference; lastKnownFileType = sourcecode.swift; path = ProfileViewTests.swift; sourceTree = "<group>"; };
		AF610B1729F18DE200BC51B3 /* ProfileControllerSp.swift */ = {isa = PBXFileReference; lastKnownFileType = sourcecode.swift; path = ProfileControllerSp.swift; sourceTree = "<group>"; };
		AF610B1929F18E2200BC51B3 /* ProfilePresenterSpy.swift */ = {isa = PBXFileReference; lastKnownFileType = sourcecode.swift; path = ProfilePresenterSpy.swift; sourceTree = "<group>"; };
		AF610B1B29F18EAA00BC51B3 /* ImageListTests.swift */ = {isa = PBXFileReference; lastKnownFileType = sourcecode.swift; path = ImageListTests.swift; sourceTree = "<group>"; };
		AF6475142950802A0001C2C5 /* ImagesListCell.swift */ = {isa = PBXFileReference; lastKnownFileType = sourcecode.swift; path = ImagesListCell.swift; sourceTree = "<group>"; };
		AF6475162950F1A50001C2C5 /* Date+Extensions.swift */ = {isa = PBXFileReference; lastKnownFileType = sourcecode.swift; path = "Date+Extensions.swift"; sourceTree = "<group>"; };
		AF6475202950FD180001C2C5 /* UIColor+Extensions.swift */ = {isa = PBXFileReference; lastKnownFileType = sourcecode.swift; path = "UIColor+Extensions.swift"; sourceTree = "<group>"; };
		AF6CC18C29D9923C0029E408 /* ProfilePresenter.swift */ = {isa = PBXFileReference; lastKnownFileType = sourcecode.swift; path = ProfilePresenter.swift; sourceTree = "<group>"; };
		AF6CC18E29D99A9E0029E408 /* ImageViewPresenter.swift */ = {isa = PBXFileReference; lastKnownFileType = sourcecode.swift; path = ImageViewPresenter.swift; sourceTree = "<group>"; };
		AF6CC19029D9B3B30029E408 /* WebViewPresenter.swift */ = {isa = PBXFileReference; lastKnownFileType = sourcecode.swift; path = WebViewPresenter.swift; sourceTree = "<group>"; };
		AF6CC19229D9B7840029E408 /* SplashViewPresenter.swift */ = {isa = PBXFileReference; lastKnownFileType = sourcecode.swift; path = SplashViewPresenter.swift; sourceTree = "<group>"; };
		AF6F6573294F5B140072C79E /* ImageFeed.app */ = {isa = PBXFileReference; explicitFileType = wrapper.application; includeInIndex = 0; path = ImageFeed.app; sourceTree = BUILT_PRODUCTS_DIR; };
		AF6F6576294F5B140072C79E /* AppDelegate.swift */ = {isa = PBXFileReference; lastKnownFileType = sourcecode.swift; path = AppDelegate.swift; sourceTree = "<group>"; };
		AF6F6578294F5B140072C79E /* SceneDelegate.swift */ = {isa = PBXFileReference; lastKnownFileType = sourcecode.swift; path = SceneDelegate.swift; sourceTree = "<group>"; };
		AF6F657A294F5B140072C79E /* ImagesListViewController.swift */ = {isa = PBXFileReference; lastKnownFileType = sourcecode.swift; path = ImagesListViewController.swift; sourceTree = "<group>"; };
		AF6F657D294F5B140072C79E /* Base */ = {isa = PBXFileReference; lastKnownFileType = file.storyboard; name = Base; path = Base.lproj/Main.storyboard; sourceTree = "<group>"; };
		AF6F657F294F5B160072C79E /* Assets.xcassets */ = {isa = PBXFileReference; lastKnownFileType = folder.assetcatalog; path = Assets.xcassets; sourceTree = "<group>"; };
		AF6F6582294F5B160072C79E /* Base */ = {isa = PBXFileReference; lastKnownFileType = file.storyboard; name = Base; path = Base.lproj/LaunchScreen.storyboard; sourceTree = "<group>"; };
		AF6F6584294F5B160072C79E /* Info.plist */ = {isa = PBXFileReference; lastKnownFileType = text.plist.xml; path = Info.plist; sourceTree = "<group>"; };
		AF79CC812974824500F9A98C /* UIFont+Extentions.swift */ = {isa = PBXFileReference; lastKnownFileType = sourcecode.swift; path = "UIFont+Extentions.swift"; sourceTree = "<group>"; };
		AF7E48CB297EB353009149BC /* Constants.swift */ = {isa = PBXFileReference; lastKnownFileType = sourcecode.swift; path = Constants.swift; sourceTree = "<group>"; };
		AF9E84AC29C5FF0600DF6481 /* ImagesListService.swift */ = {isa = PBXFileReference; lastKnownFileType = sourcecode.swift; path = ImagesListService.swift; sourceTree = "<group>"; };
		AF9E84AE29C5FF3E00DF6481 /* PhotoResult.swift */ = {isa = PBXFileReference; lastKnownFileType = sourcecode.swift; path = PhotoResult.swift; sourceTree = "<group>"; };
		AF9E84B029C6011A00DF6481 /* Photo.swift */ = {isa = PBXFileReference; lastKnownFileType = sourcecode.swift; path = Photo.swift; sourceTree = "<group>"; };
		AF9E84B829C63C7300DF6481 /* ImageFeedTests.xctest */ = {isa = PBXFileReference; explicitFileType = wrapper.cfbundle; includeInIndex = 0; path = ImageFeedTests.xctest; sourceTree = BUILT_PRODUCTS_DIR; };
		AF9E84BA29C63C7300DF6481 /* WebViewTests.swift */ = {isa = PBXFileReference; lastKnownFileType = sourcecode.swift; path = WebViewTests.swift; sourceTree = "<group>"; };
		AFA8F93529AD05DC00B413A6 /* UIBlockingProgressHUD.swift */ = {isa = PBXFileReference; lastKnownFileType = sourcecode.swift; path = UIBlockingProgressHUD.swift; sourceTree = "<group>"; };
		AFA8F93729AFA29A00B413A6 /* ProfileImageService.swift */ = {isa = PBXFileReference; lastKnownFileType = sourcecode.swift; path = ProfileImageService.swift; sourceTree = "<group>"; };
		AFA8F93929AFA2BE00B413A6 /* UserResult.swift */ = {isa = PBXFileReference; lastKnownFileType = sourcecode.swift; path = UserResult.swift; sourceTree = "<group>"; };
		AFA8F94429B496A200B413A6 /* TabBarController.swift */ = {isa = PBXFileReference; lastKnownFileType = sourcecode.swift; path = TabBarController.swift; sourceTree = "<group>"; };
		AFB3BCB029B96949008672CE /* AlertController.swift */ = {isa = PBXFileReference; lastKnownFileType = sourcecode.swift; path = AlertController.swift; sourceTree = "<group>"; };
		AFC2CDBC2966EF70005FCC14 /* ProfileViewController.swift */ = {isa = PBXFileReference; lastKnownFileType = sourcecode.swift; path = ProfileViewController.swift; sourceTree = "<group>"; };
		AFC2CDC2296DBD5F005FCC14 /* ImageViewController.swift */ = {isa = PBXFileReference; lastKnownFileType = sourcecode.swift; path = ImageViewController.swift; sourceTree = "<group>"; };
		AFC42521297850DD004D98C0 /* SF-Pro.ttf */ = {isa = PBXFileReference; lastKnownFileType = file; path = "SF-Pro.ttf"; sourceTree = "<group>"; };
		AFE784CF29A2A74100AE2BB2 /* AuthViewControllerDelegate.swift */ = {isa = PBXFileReference; lastKnownFileType = sourcecode.swift; path = AuthViewControllerDelegate.swift; sourceTree = "<group>"; };
		AFE784D129A2A7B900AE2BB2 /* AuthViewController+WebViewViewControllerDelegate.swift */ = {isa = PBXFileReference; lastKnownFileType = sourcecode.swift; path = "AuthViewController+WebViewViewControllerDelegate.swift"; sourceTree = "<group>"; };
		AFE784D329A2A84300AE2BB2 /* WebViewViewControllerDelegate.swift */ = {isa = PBXFileReference; lastKnownFileType = sourcecode.swift; path = WebViewViewControllerDelegate.swift; sourceTree = "<group>"; };
		AFE784D529A2A8D600AE2BB2 /* WebViewViewController+ WKNavigationDelegate.swift */ = {isa = PBXFileReference; lastKnownFileType = sourcecode.swift; path = "WebViewViewController+ WKNavigationDelegate.swift"; sourceTree = "<group>"; };
		AFE784DB29A2ABDA00AE2BB2 /* URLRequest+Extensions.swift */ = {isa = PBXFileReference; lastKnownFileType = sourcecode.swift; path = "URLRequest+Extensions.swift"; sourceTree = "<group>"; };
		AFE784DD29A2AC3D00AE2BB2 /* URLSession+Extensions.swift */ = {isa = PBXFileReference; lastKnownFileType = sourcecode.swift; path = "URLSession+Extensions.swift"; sourceTree = "<group>"; };
		AFE784E229A2ACB200AE2BB2 /* NetworkError.swift */ = {isa = PBXFileReference; lastKnownFileType = sourcecode.swift; path = NetworkError.swift; sourceTree = "<group>"; };
		AFE784E729AB54A100AE2BB2 /* ProfileService.swift */ = {isa = PBXFileReference; lastKnownFileType = sourcecode.swift; path = ProfileService.swift; sourceTree = "<group>"; };
		AFE784E929AB54E900AE2BB2 /* ProfileResult.swift */ = {isa = PBXFileReference; lastKnownFileType = sourcecode.swift; path = ProfileResult.swift; sourceTree = "<group>"; };
		AFE784EB29AB550600AE2BB2 /* Profile.swift */ = {isa = PBXFileReference; lastKnownFileType = sourcecode.swift; path = Profile.swift; sourceTree = "<group>"; };
/* End PBXFileReference section */

/* Begin PBXFrameworksBuildPhase section */
		AF610AEF29F0428700BC51B3 /* Frameworks */ = {
			isa = PBXFrameworksBuildPhase;
			buildActionMask = 2147483647;
			files = (
			);
			runOnlyForDeploymentPostprocessing = 0;
		};
		AF6F6570294F5B140072C79E /* Frameworks */ = {
			isa = PBXFrameworksBuildPhase;
			buildActionMask = 2147483647;
			files = (
				AFA8F94029B4172800B413A6 /* Kingfisher in Frameworks */,
				AFE784E629A9045B00AE2BB2 /* ProgressHUD in Frameworks */,
				AFA8F94329B493DB00B413A6 /* SwiftKeychainWrapper in Frameworks */,
			);
			runOnlyForDeploymentPostprocessing = 0;
		};
		AF9E84B529C63C7300DF6481 /* Frameworks */ = {
			isa = PBXFrameworksBuildPhase;
			buildActionMask = 2147483647;
			files = (
			);
			runOnlyForDeploymentPostprocessing = 0;
		};
/* End PBXFrameworksBuildPhase section */

/* Begin PBXGroup section */
		AF4146B929DEF76100B90473 /* ImagesListService */ = {
			isa = PBXGroup;
			children = (
				AF9E84AC29C5FF0600DF6481 /* ImagesListService.swift */,
			);
			path = ImagesListService;
			sourceTree = "<group>";
		};
		AF433BCC298C5D7E00048390 /* SplashViewController */ = {
			isa = PBXGroup;
			children = (
				AF433BC6298C5D2000048390 /* SplashViewController.swift */,
				AF6CC19229D9B7840029E408 /* SplashViewPresenter.swift */,
			);
			path = SplashViewController;
			sourceTree = "<group>";
		};
		AF433BCD298C5D9600048390 /* AuthViewController */ = {
			isa = PBXGroup;
			children = (
				AF433BC8298C5D5000048390 /* AuthViewController.swift */,
				AFE784D129A2A7B900AE2BB2 /* AuthViewController+WebViewViewControllerDelegate.swift */,
			);
			path = AuthViewController;
			sourceTree = "<group>";
		};
		AF433BCE298C5DA200048390 /* ViewController */ = {
			isa = PBXGroup;
			children = (
				AF64751329506F5A0001C2C5 /* ImagesList */,
				AFC2CDC1296700DF005FCC14 /* SingleImage */,
				AFC2CDBE2966EF75005FCC14 /* Profile */,
				AF433BCF298C695C00048390 /* WebViewViewController */,
				AF433BCD298C5D9600048390 /* AuthViewController */,
				AF433BCC298C5D7E00048390 /* SplashViewController */,
				AFA8F94429B496A200B413A6 /* TabBarController.swift */,
				AFB3BCB029B96949008672CE /* AlertController.swift */,
			);
			path = ViewController;
			sourceTree = "<group>";
		};
		AF433BCF298C695C00048390 /* WebViewViewController */ = {
			isa = PBXGroup;
			children = (
				AF433BCA298C5D5F00048390 /* WebViewViewController.swift */,
				AFE784D529A2A8D600AE2BB2 /* WebViewViewController+ WKNavigationDelegate.swift */,
				AF610AE329EF0B6C00BC51B3 /*  ConformWebViewViewControllerProtocol.swift */,
				AF6CC19029D9B3B30029E408 /* WebViewPresenter.swift */,
				AF610AE729F00D5800BC51B3 /* AuthHelper.swift */,
			);
			path = WebViewViewController;
			sourceTree = "<group>";
		};
		AF433BD429919DBA00048390 /* OAuth2 */ = {
			isa = PBXGroup;
			children = (
				AF433BD229919DA800048390 /* OAuth2Service.swift */,
				AF433BD629919FD800048390 /* OAuth2TokenStorage.swift */,
			);
			path = OAuth2;
			sourceTree = "<group>";
		};
		AF433BD529919DC500048390 /* ServiceAccessLayer */ = {
			isa = PBXGroup;
			children = (
				AF433BD429919DBA00048390 /* OAuth2 */,
				AFA8F93D29B33DA800B413A6 /* ProfileService */,
				AF4146B929DEF76100B90473 /* ImagesListService */,
				AFA8F93529AD05DC00B413A6 /* UIBlockingProgressHUD.swift */,
			);
			path = ServiceAccessLayer;
			sourceTree = "<group>";
		};
		AF433BDC2991A56700048390 /* Model */ = {
			isa = PBXGroup;
			children = (
				AF9E84AE29C5FF3E00DF6481 /* PhotoResult.swift */,
				AF433BDA2991A56500048390 /* OAuthTokenResponseBody.swift */,
				AFE784E929AB54E900AE2BB2 /* ProfileResult.swift */,
				AFE784EB29AB550600AE2BB2 /* Profile.swift */,
				AFA8F93929AFA2BE00B413A6 /* UserResult.swift */,
				AF9E84B029C6011A00DF6481 /* Photo.swift */,
			);
			path = Model;
			sourceTree = "<group>";
		};
		AF610AEB29F0280100BC51B3 /* WebViewTests */ = {
			isa = PBXGroup;
			children = (
				AF9E84BA29C63C7300DF6481 /* WebViewTests.swift */,
				AF610AEC29F0282500BC51B3 /* WebViewControllerSpy.swift */,
				AF610AE929F027AF00BC51B3 /* WebViewPresenterSpy.swift */,
			);
			path = WebViewTests;
			sourceTree = "<group>";
		};
		AF610AF329F0428700BC51B3 /* ImageFeedUITests */ = {
			isa = PBXGroup;
			children = (
				AF610AF429F0428700BC51B3 /* ImageFeedUITests.swift */,
				AF610AF629F0428700BC51B3 /* ImageFeedUITestsLaunchTests.swift */,
			);
			path = ImageFeedUITests;
			sourceTree = "<group>";
		};
		AF610AFF29F0806300BC51B3 /* Delegate */ = {
			isa = PBXGroup;
			children = (
				AF6F6576294F5B140072C79E /* AppDelegate.swift */,
				AF6F6578294F5B140072C79E /* SceneDelegate.swift */,
				AFE784CF29A2A74100AE2BB2 /* AuthViewControllerDelegate.swift */,
				AFE784D329A2A84300AE2BB2 /* WebViewViewControllerDelegate.swift */,
			);
			path = Delegate;
			sourceTree = "<group>";
		};
		AF610B0029F0806E00BC51B3 /* Protocol */ = {
			isa = PBXGroup;
			children = (
				AF610B0529F080DA00BC51B3 /* WebView */,
				AF610B0829F080FE00BC51B3 /* Profile */,
				AF610B1329F139C200BC51B3 /* ImageList */,
			);
			path = Protocol;
			sourceTree = "<group>";
		};
		AF610B0529F080DA00BC51B3 /* WebView */ = {
			isa = PBXGroup;
			children = (
				AF610AFD29F0804900BC51B3 /* WebViewViewControllerProtocol.swift */,
				AF610B0129F080A600BC51B3 /* WebViewPresenterProtocol.swift */,
				AF610B0329F080C400BC51B3 /* AuthHelperProtocol.swift */,
			);
			path = WebView;
			sourceTree = "<group>";
		};
		AF610B0829F080FE00BC51B3 /* Profile */ = {
			isa = PBXGroup;
			children = (
				AF610B0629F080F000BC51B3 /* ProfilePresenterProtocol.swift */,
				AF610B0929F0811300BC51B3 /* ProfileViewProtocol.swift */,
			);
			path = Profile;
			sourceTree = "<group>";
		};
		AF610B1329F139C200BC51B3 /* ImageList */ = {
			isa = PBXGroup;
			children = (
				AF610B0F29F1399200BC51B3 /* ImagesListViewControllerProtocol.swift */,
				AF610B1129F139B300BC51B3 /* ImageListPresenterProtocol.swift */,
			);
			path = ImageList;
			sourceTree = "<group>";
		};
		AF610B1629F17C8800BC51B3 /* ProfileViewTests */ = {
			isa = PBXGroup;
			children = (
				AF610B1429F17C6400BC51B3 /* ProfileViewTests.swift */,
				AF610B1729F18DE200BC51B3 /* ProfileControllerSp.swift */,
				AF610B1929F18E2200BC51B3 /* ProfilePresenterSpy.swift */,
			);
			path = ProfileViewTests;
			sourceTree = "<group>";
		};
		AF610B1D29F18EAE00BC51B3 /* ImageListTests */ = {
			isa = PBXGroup;
			children = (
				AF610B1B29F18EAA00BC51B3 /* ImageListTests.swift */,
				AF08C11829F31A2200FE3B21 /* ImageListController.swift */,
				AF08C11A29F31A5900FE3B21 /* ImageListPresenterSp.swift */,
			);
			path = ImageListTests;
			sourceTree = "<group>";
		};
		AF64751329506F5A0001C2C5 /* ImagesList */ = {
			isa = PBXGroup;
			children = (
				AF6F657A294F5B140072C79E /* ImagesListViewController.swift */,
				AF610B0D29F138AE00BC51B3 /* ImageListPresenter.swift */,
				AF6475142950802A0001C2C5 /* ImagesListCell.swift */,
			);
			path = ImagesList;
			sourceTree = "<group>";
		};
		AF6475182950F1AE0001C2C5 /* Helpers */ = {
			isa = PBXGroup;
			children = (
				AFE784E129A2AC9500AE2BB2 /* Extensions */,
				AF7E48CB297EB353009149BC /* Constants.swift */,
				AF610AE529F00B6600BC51B3 /* AuthConfiguration.swift */,
				AFE784E229A2ACB200AE2BB2 /* NetworkError.swift */,
				AF610B0B29F0888700BC51B3 /* ClearCookie.swift */,
			);
			path = Helpers;
			sourceTree = "<group>";
		};
		AF6475192950F1BE0001C2C5 /* DelegateAndProtocol */ = {
			isa = PBXGroup;
			children = (
				AF610AFF29F0806300BC51B3 /* Delegate */,
				AF610B0029F0806E00BC51B3 /* Protocol */,
			);
			path = DelegateAndProtocol;
			sourceTree = "<group>";
		};
		AF64751A2950FBEC0001C2C5 /* ImageFeedFonts */ = {
			isa = PBXGroup;
			children = (
				AFC42521297850DD004D98C0 /* SF-Pro.ttf */,
			);
			path = ImageFeedFonts;
			sourceTree = "<group>";
		};
		AF64751F2950FBF70001C2C5 /* Resources */ = {
			isa = PBXGroup;
			children = (
				AF6F657F294F5B160072C79E /* Assets.xcassets */,
				AF64751A2950FBEC0001C2C5 /* ImageFeedFonts */,
			);
			path = Resources;
			sourceTree = "<group>";
		};
		AF6F656A294F5B140072C79E = {
			isa = PBXGroup;
			children = (
				AF6F6575294F5B140072C79E /* ImageFeed */,
				AF9E84B929C63C7300DF6481 /* ImageFeedTests */,
				AF610AF329F0428700BC51B3 /* ImageFeedUITests */,
				AF6F6574294F5B140072C79E /* Products */,
			);
			sourceTree = "<group>";
		};
		AF6F6574294F5B140072C79E /* Products */ = {
			isa = PBXGroup;
			children = (
				AF6F6573294F5B140072C79E /* ImageFeed.app */,
				AF9E84B829C63C7300DF6481 /* ImageFeedTests.xctest */,
				AF610AF229F0428700BC51B3 /* ImageFeedUITests.xctest */,
			);
			name = Products;
			sourceTree = "<group>";
		};
		AF6F6575294F5B140072C79E /* ImageFeed */ = {
			isa = PBXGroup;
			children = (
				AF6475192950F1BE0001C2C5 /* DelegateAndProtocol */,
				AF433BD529919DC500048390 /* ServiceAccessLayer */,
				AF433BDC2991A56700048390 /* Model */,
				AF433BCE298C5DA200048390 /* ViewController */,
				AF6475182950F1AE0001C2C5 /* Helpers */,
				AF64751F2950FBF70001C2C5 /* Resources */,
				AF6F657C294F5B140072C79E /* Main.storyboard */,
				AF6F6581294F5B160072C79E /* LaunchScreen.storyboard */,
				AF6F6584294F5B160072C79E /* Info.plist */,
			);
			path = ImageFeed;
			sourceTree = "<group>";
		};
		AF9E84B929C63C7300DF6481 /* ImageFeedTests */ = {
			isa = PBXGroup;
			children = (
				AF610AEB29F0280100BC51B3 /* WebViewTests */,
				AF610B1629F17C8800BC51B3 /* ProfileViewTests */,
				AF610B1D29F18EAE00BC51B3 /* ImageListTests */,
			);
			path = ImageFeedTests;
			sourceTree = "<group>";
		};
		AFA8F93D29B33DA800B413A6 /* ProfileService */ = {
			isa = PBXGroup;
			children = (
				AFE784E729AB54A100AE2BB2 /* ProfileService.swift */,
				AFA8F93729AFA29A00B413A6 /* ProfileImageService.swift */,
			);
			path = ProfileService;
			sourceTree = "<group>";
		};
		AFC2CDBE2966EF75005FCC14 /* Profile */ = {
			isa = PBXGroup;
			children = (
				AFC2CDBC2966EF70005FCC14 /* ProfileViewController.swift */,
				AF6CC18C29D9923C0029E408 /* ProfilePresenter.swift */,
			);
			path = Profile;
			sourceTree = "<group>";
		};
		AFC2CDC1296700DF005FCC14 /* SingleImage */ = {
			isa = PBXGroup;
			children = (
				AFC2CDC2296DBD5F005FCC14 /* ImageViewController.swift */,
				AF6CC18E29D99A9E0029E408 /* ImageViewPresenter.swift */,
			);
			path = SingleImage;
			sourceTree = "<group>";
		};
		AFE784E129A2AC9500AE2BB2 /* Extensions */ = {
			isa = PBXGroup;
			children = (
				AF6475162950F1A50001C2C5 /* Date+Extensions.swift */,
				AF6475202950FD180001C2C5 /* UIColor+Extensions.swift */,
				AF79CC812974824500F9A98C /* UIFont+Extentions.swift */,
				AF433BBE298C4B0200048390 /* UILable+Extentions.swift */,
				AF433BC0298C4C6C00048390 /* UIImage+Extentions.swift */,
				AF433BC2298C505600048390 /* UIButton+Extentions.swift */,
				AFE784DB29A2ABDA00AE2BB2 /* URLRequest+Extensions.swift */,
				AFE784DD29A2AC3D00AE2BB2 /* URLSession+Extensions.swift */,
			);
			path = Extensions;
			sourceTree = "<group>";
		};
/* End PBXGroup section */

/* Begin PBXNativeTarget section */
		AF610AF129F0428700BC51B3 /* ImageFeedUITests */ = {
			isa = PBXNativeTarget;
			buildConfigurationList = AF610AFA29F0428700BC51B3 /* Build configuration list for PBXNativeTarget "ImageFeedUITests" */;
			buildPhases = (
				AF610AEE29F0428700BC51B3 /* Sources */,
				AF610AEF29F0428700BC51B3 /* Frameworks */,
				AF610AF029F0428700BC51B3 /* Resources */,
			);
			buildRules = (
			);
			dependencies = (
				AF610AF929F0428700BC51B3 /* PBXTargetDependency */,
			);
			name = ImageFeedUITests;
			productName = ImageFeedUITests;
			productReference = AF610AF229F0428700BC51B3 /* ImageFeedUITests.xctest */;
			productType = "com.apple.product-type.bundle.ui-testing";
		};
		AF6F6572294F5B140072C79E /* ImageFeed */ = {
			isa = PBXNativeTarget;
			buildConfigurationList = AF6F6587294F5B160072C79E /* Build configuration list for PBXNativeTarget "ImageFeed" */;
			buildPhases = (
				AF6F656F294F5B140072C79E /* Sources */,
				AF6F6570294F5B140072C79E /* Frameworks */,
				AF6F6571294F5B140072C79E /* Resources */,
			);
			buildRules = (
			);
			dependencies = (
			);
			name = ImageFeed;
			packageProductDependencies = (
				AFE784E529A9045B00AE2BB2 /* ProgressHUD */,
				AFA8F93F29B4172800B413A6 /* Kingfisher */,
				AFA8F94229B493DB00B413A6 /* SwiftKeychainWrapper */,
			);
			productName = ImageFeed;
			productReference = AF6F6573294F5B140072C79E /* ImageFeed.app */;
			productType = "com.apple.product-type.application";
		};
		AF9E84B729C63C7300DF6481 /* ImageFeedTests */ = {
			isa = PBXNativeTarget;
			buildConfigurationList = AF9E84BE29C63C7300DF6481 /* Build configuration list for PBXNativeTarget "ImageFeedTests" */;
			buildPhases = (
				AF9E84B429C63C7300DF6481 /* Sources */,
				AF9E84B529C63C7300DF6481 /* Frameworks */,
				AF9E84B629C63C7300DF6481 /* Resources */,
			);
			buildRules = (
			);
			dependencies = (
				AF9E84BD29C63C7300DF6481 /* PBXTargetDependency */,
			);
			name = ImageFeedTests;
			productName = ImageFeedTests;
			productReference = AF9E84B829C63C7300DF6481 /* ImageFeedTests.xctest */;
			productType = "com.apple.product-type.bundle.unit-test";
		};
/* End PBXNativeTarget section */

/* Begin PBXProject section */
		AF6F656B294F5B140072C79E /* Project object */ = {
			isa = PBXProject;
			attributes = {
				BuildIndependentTargetsInParallel = 1;
				LastSwiftUpdateCheck = 1430;
				LastUpgradeCheck = 1410;
				TargetAttributes = {
					AF610AF129F0428700BC51B3 = {
						CreatedOnToolsVersion = 14.3;
						TestTargetID = AF6F6572294F5B140072C79E;
					};
					AF6F6572294F5B140072C79E = {
						CreatedOnToolsVersion = 14.1;
					};
					AF9E84B729C63C7300DF6481 = {
						CreatedOnToolsVersion = 14.2;
						TestTargetID = AF6F6572294F5B140072C79E;
					};
				};
			};
			buildConfigurationList = AF6F656E294F5B140072C79E /* Build configuration list for PBXProject "ImageFeed" */;
			compatibilityVersion = "Xcode 14.0";
			developmentRegion = en;
			hasScannedForEncodings = 0;
			knownRegions = (
				en,
				Base,
			);
			mainGroup = AF6F656A294F5B140072C79E;
			packageReferences = (
				AFE784E429A9045B00AE2BB2 /* XCRemoteSwiftPackageReference "ProgressHUD" */,
				AFA8F93E29B4172800B413A6 /* XCRemoteSwiftPackageReference "Kingfisher" */,
				AFA8F94129B493DB00B413A6 /* XCRemoteSwiftPackageReference "SwiftKeychainWrapper" */,
			);
			productRefGroup = AF6F6574294F5B140072C79E /* Products */;
			projectDirPath = "";
			projectRoot = "";
			targets = (
				AF6F6572294F5B140072C79E /* ImageFeed */,
				AF9E84B729C63C7300DF6481 /* ImageFeedTests */,
				AF610AF129F0428700BC51B3 /* ImageFeedUITests */,
			);
		};
/* End PBXProject section */

/* Begin PBXResourcesBuildPhase section */
		AF610AF029F0428700BC51B3 /* Resources */ = {
			isa = PBXResourcesBuildPhase;
			buildActionMask = 2147483647;
			files = (
			);
			runOnlyForDeploymentPostprocessing = 0;
		};
		AF6F6571294F5B140072C79E /* Resources */ = {
			isa = PBXResourcesBuildPhase;
			buildActionMask = 2147483647;
			files = (
				AF6F6583294F5B160072C79E /* LaunchScreen.storyboard in Resources */,
				AFC42522297850DD004D98C0 /* SF-Pro.ttf in Resources */,
				AF6F6580294F5B160072C79E /* Assets.xcassets in Resources */,
				AF6F657E294F5B140072C79E /* Main.storyboard in Resources */,
			);
			runOnlyForDeploymentPostprocessing = 0;
		};
		AF9E84B629C63C7300DF6481 /* Resources */ = {
			isa = PBXResourcesBuildPhase;
			buildActionMask = 2147483647;
			files = (
			);
			runOnlyForDeploymentPostprocessing = 0;
		};
/* End PBXResourcesBuildPhase section */

/* Begin PBXSourcesBuildPhase section */
		AF610AEE29F0428700BC51B3 /* Sources */ = {
			isa = PBXSourcesBuildPhase;
			buildActionMask = 2147483647;
			files = (
				AF610AF729F0428700BC51B3 /* ImageFeedUITestsLaunchTests.swift in Sources */,
				AF610AF529F0428700BC51B3 /* ImageFeedUITests.swift in Sources */,
			);
			runOnlyForDeploymentPostprocessing = 0;
		};
		AF6F656F294F5B140072C79E /* Sources */ = {
			isa = PBXSourcesBuildPhase;
			buildActionMask = 2147483647;
			files = (
				AF6F657B294F5B140072C79E /* ImagesListViewController.swift in Sources */,
				AFE784EC29AB550600AE2BB2 /* Profile.swift in Sources */,
				AF610AFE29F0804900BC51B3 /* WebViewViewControllerProtocol.swift in Sources */,
				AF433BD729919FD800048390 /* OAuth2TokenStorage.swift in Sources */,
				AF610B0729F080F000BC51B3 /* ProfilePresenterProtocol.swift in Sources */,
				AFE784D629A2A8D600AE2BB2 /* WebViewViewController+ WKNavigationDelegate.swift in Sources */,
				AF433BBF298C4B0200048390 /* UILable+Extentions.swift in Sources */,
				AF433BD329919DA800048390 /* OAuth2Service.swift in Sources */,
				AF7E48CC297EB353009149BC /* Constants.swift in Sources */,
				AFE784E329A2ACB200AE2BB2 /* NetworkError.swift in Sources */,
				AF610AE629F00B6600BC51B3 /* AuthConfiguration.swift in Sources */,
				AFE784DE29A2AC3D00AE2BB2 /* URLSession+Extensions.swift in Sources */,
				AFC2CDC3296DBD5F005FCC14 /* ImageViewController.swift in Sources */,
				AF433BC1298C4C6C00048390 /* UIImage+Extentions.swift in Sources */,
				AF6CC19329D9B7840029E408 /* SplashViewPresenter.swift in Sources */,
				AFB3BCB129B96949008672CE /* AlertController.swift in Sources */,
				AF9E84B129C6011A00DF6481 /* Photo.swift in Sources */,
				AFA8F93A29AFA2BE00B413A6 /* UserResult.swift in Sources */,
				AF9E84AD29C5FF0600DF6481 /* ImagesListService.swift in Sources */,
				AF6CC19129D9B3B30029E408 /* WebViewPresenter.swift in Sources */,
				AF610B0429F080C400BC51B3 /* AuthHelperProtocol.swift in Sources */,
				AFE784DC29A2ABDA00AE2BB2 /* URLRequest+Extensions.swift in Sources */,
				AF6CC18D29D9923C0029E408 /* ProfilePresenter.swift in Sources */,
				AFE784D429A2A84300AE2BB2 /* WebViewViewControllerDelegate.swift in Sources */,
				AFE784E829AB54A100AE2BB2 /* ProfileService.swift in Sources */,
				AF433BC7298C5D2000048390 /* SplashViewController.swift in Sources */,
				AF610B0229F080A600BC51B3 /* WebViewPresenterProtocol.swift in Sources */,
				AFA8F94529B496A200B413A6 /* TabBarController.swift in Sources */,
				AF6475212950FD180001C2C5 /* UIColor+Extensions.swift in Sources */,
				AF610B0C29F0888700BC51B3 /* ClearCookie.swift in Sources */,
				AF433BC9298C5D5000048390 /* AuthViewController.swift in Sources */,
				AF6475152950802A0001C2C5 /* ImagesListCell.swift in Sources */,
				AF610B1029F1399200BC51B3 /* ImagesListViewControllerProtocol.swift in Sources */,
				AF6F6577294F5B140072C79E /* AppDelegate.swift in Sources */,
				AF610B0A29F0811300BC51B3 /* ProfileViewProtocol.swift in Sources */,
				AFE784D229A2A7B900AE2BB2 /* AuthViewController+WebViewViewControllerDelegate.swift in Sources */,
				AF610AE829F00D5800BC51B3 /* AuthHelper.swift in Sources */,
				AFC2CDBD2966EF70005FCC14 /* ProfileViewController.swift in Sources */,
				AF6475172950F1A60001C2C5 /* Date+Extensions.swift in Sources */,
				AF433BC3298C505600048390 /* UIButton+Extentions.swift in Sources */,
				AF433BDB2991A56500048390 /* OAuthTokenResponseBody.swift in Sources */,
				AF9E84AF29C5FF3E00DF6481 /* PhotoResult.swift in Sources */,
				AFA8F93829AFA29A00B413A6 /* ProfileImageService.swift in Sources */,
				AF6F6579294F5B140072C79E /* SceneDelegate.swift in Sources */,
				AFE784EA29AB54E900AE2BB2 /* ProfileResult.swift in Sources */,
				AF610B0E29F138AE00BC51B3 /* ImageListPresenter.swift in Sources */,
				AF433BCB298C5D5F00048390 /* WebViewViewController.swift in Sources */,
				AF610AE429EF0B6C00BC51B3 /*  ConformWebViewViewControllerProtocol.swift in Sources */,
				AF6CC18F29D99A9E0029E408 /* ImageViewPresenter.swift in Sources */,
				AFE784D029A2A74100AE2BB2 /* AuthViewControllerDelegate.swift in Sources */,
				AF610B1229F139B300BC51B3 /* ImageListPresenterProtocol.swift in Sources */,
				AF79CC822974824500F9A98C /* UIFont+Extentions.swift in Sources */,
				AFA8F93629AD05DC00B413A6 /* UIBlockingProgressHUD.swift in Sources */,
			);
			runOnlyForDeploymentPostprocessing = 0;
		};
		AF9E84B429C63C7300DF6481 /* Sources */ = {
			isa = PBXSourcesBuildPhase;
			buildActionMask = 2147483647;
			files = (
				AF610B1C29F18EAA00BC51B3 /* ImageListTests.swift in Sources */,
				AF610B1529F17C6400BC51B3 /* ProfileViewTests.swift in Sources */,
				AF9E84BB29C63C7300DF6481 /* WebViewTests.swift in Sources */,
				AF610AED29F0282500BC51B3 /* WebViewControllerSpy.swift in Sources */,
				AF610AEA29F027AF00BC51B3 /* WebViewPresenterSpy.swift in Sources */,
				AF610B1829F18DE200BC51B3 /* ProfileControllerSp.swift in Sources */,
				AF08C11B29F31A5900FE3B21 /* ImageListPresenterSp.swift in Sources */,
				AF610B1A29F18E2200BC51B3 /* ProfilePresenterSpy.swift in Sources */,
				AF08C11929F31A2200FE3B21 /* ImageListController.swift in Sources */,
			);
			runOnlyForDeploymentPostprocessing = 0;
		};
/* End PBXSourcesBuildPhase section */

/* Begin PBXTargetDependency section */
		AF610AF929F0428700BC51B3 /* PBXTargetDependency */ = {
			isa = PBXTargetDependency;
			target = AF6F6572294F5B140072C79E /* ImageFeed */;
			targetProxy = AF610AF829F0428700BC51B3 /* PBXContainerItemProxy */;
		};
		AF9E84BD29C63C7300DF6481 /* PBXTargetDependency */ = {
			isa = PBXTargetDependency;
			target = AF6F6572294F5B140072C79E /* ImageFeed */;
			targetProxy = AF9E84BC29C63C7300DF6481 /* PBXContainerItemProxy */;
		};
/* End PBXTargetDependency section */

/* Begin PBXVariantGroup section */
		AF6F657C294F5B140072C79E /* Main.storyboard */ = {
			isa = PBXVariantGroup;
			children = (
				AF6F657D294F5B140072C79E /* Base */,
			);
			name = Main.storyboard;
			sourceTree = "<group>";
		};
		AF6F6581294F5B160072C79E /* LaunchScreen.storyboard */ = {
			isa = PBXVariantGroup;
			children = (
				AF6F6582294F5B160072C79E /* Base */,
			);
			name = LaunchScreen.storyboard;
			sourceTree = "<group>";
		};
/* End PBXVariantGroup section */

/* Begin XCBuildConfiguration section */
		AF610AFB29F0428700BC51B3 /* Debug */ = {
			isa = XCBuildConfiguration;
			buildSettings = {
				CODE_SIGN_STYLE = Automatic;
				CURRENT_PROJECT_VERSION = 1;
				DEVELOPMENT_TEAM = Y47Y5YN8TD;
				GENERATE_INFOPLIST_FILE = YES;
				IPHONEOS_DEPLOYMENT_TARGET = 13.0;
				MARKETING_VERSION = 1.0;
				PRODUCT_BUNDLE_IDENTIFIER = Savhouse.ImageFeedUITests;
				PRODUCT_NAME = "$(TARGET_NAME)";
				SUPPORTED_PLATFORMS = "iphoneos iphonesimulator";
				SUPPORTS_MACCATALYST = NO;
				SUPPORTS_MAC_DESIGNED_FOR_IPHONE_IPAD = NO;
				SWIFT_EMIT_LOC_STRINGS = NO;
				SWIFT_VERSION = 5.0;
				TARGETED_DEVICE_FAMILY = 1;
				TEST_TARGET_NAME = ImageFeed;
			};
			name = Debug;
		};
		AF610AFC29F0428700BC51B3 /* Release */ = {
			isa = XCBuildConfiguration;
			buildSettings = {
				CODE_SIGN_STYLE = Automatic;
				CURRENT_PROJECT_VERSION = 1;
				DEVELOPMENT_TEAM = Y47Y5YN8TD;
				GENERATE_INFOPLIST_FILE = YES;
				IPHONEOS_DEPLOYMENT_TARGET = 13.0;
				MARKETING_VERSION = 1.0;
				PRODUCT_BUNDLE_IDENTIFIER = Savhouse.ImageFeedUITests;
				PRODUCT_NAME = "$(TARGET_NAME)";
				SUPPORTED_PLATFORMS = "iphoneos iphonesimulator";
				SUPPORTS_MACCATALYST = NO;
				SUPPORTS_MAC_DESIGNED_FOR_IPHONE_IPAD = NO;
				SWIFT_EMIT_LOC_STRINGS = NO;
				SWIFT_VERSION = 5.0;
				TARGETED_DEVICE_FAMILY = 1;
				TEST_TARGET_NAME = ImageFeed;
			};
			name = Release;
		};
		AF6F6585294F5B160072C79E /* Debug */ = {
			isa = XCBuildConfiguration;
			buildSettings = {
				ALWAYS_SEARCH_USER_PATHS = NO;
				CLANG_ANALYZER_LOCALIZABILITY_NONLOCALIZED = YES;
				CLANG_ANALYZER_NONNULL = YES;
				CLANG_ANALYZER_NUMBER_OBJECT_CONVERSION = YES_AGGRESSIVE;
				CLANG_CXX_LANGUAGE_STANDARD = "gnu++20";
				CLANG_ENABLE_MODULES = YES;
				CLANG_ENABLE_OBJC_ARC = YES;
				CLANG_ENABLE_OBJC_WEAK = YES;
				CLANG_WARN_BLOCK_CAPTURE_AUTORELEASING = YES;
				CLANG_WARN_BOOL_CONVERSION = YES;
				CLANG_WARN_COMMA = YES;
				CLANG_WARN_CONSTANT_CONVERSION = YES;
				CLANG_WARN_DEPRECATED_OBJC_IMPLEMENTATIONS = YES;
				CLANG_WARN_DIRECT_OBJC_ISA_USAGE = YES_ERROR;
				CLANG_WARN_DOCUMENTATION_COMMENTS = YES;
				CLANG_WARN_EMPTY_BODY = YES;
				CLANG_WARN_ENUM_CONVERSION = YES;
				CLANG_WARN_INFINITE_RECURSION = YES;
				CLANG_WARN_INT_CONVERSION = YES;
				CLANG_WARN_NON_LITERAL_NULL_CONVERSION = YES;
				CLANG_WARN_OBJC_IMPLICIT_RETAIN_SELF = YES;
				CLANG_WARN_OBJC_LITERAL_CONVERSION = YES;
				CLANG_WARN_OBJC_ROOT_CLASS = YES_ERROR;
				CLANG_WARN_QUOTED_INCLUDE_IN_FRAMEWORK_HEADER = YES;
				CLANG_WARN_RANGE_LOOP_ANALYSIS = YES;
				CLANG_WARN_STRICT_PROTOTYPES = YES;
				CLANG_WARN_SUSPICIOUS_MOVE = YES;
				CLANG_WARN_UNGUARDED_AVAILABILITY = YES_AGGRESSIVE;
				CLANG_WARN_UNREACHABLE_CODE = YES;
				CLANG_WARN__DUPLICATE_METHOD_MATCH = YES;
				COPY_PHASE_STRIP = NO;
				DEBUG_INFORMATION_FORMAT = dwarf;
				ENABLE_STRICT_OBJC_MSGSEND = YES;
				ENABLE_TESTABILITY = YES;
				GCC_C_LANGUAGE_STANDARD = gnu11;
				GCC_DYNAMIC_NO_PIC = NO;
				GCC_NO_COMMON_BLOCKS = YES;
				GCC_OPTIMIZATION_LEVEL = 0;
				GCC_PREPROCESSOR_DEFINITIONS = (
					"DEBUG=1",
					"$(inherited)",
				);
				GCC_WARN_64_TO_32_BIT_CONVERSION = YES;
				GCC_WARN_ABOUT_RETURN_TYPE = YES_ERROR;
				GCC_WARN_UNDECLARED_SELECTOR = YES;
				GCC_WARN_UNINITIALIZED_AUTOS = YES_AGGRESSIVE;
				GCC_WARN_UNUSED_FUNCTION = YES;
				GCC_WARN_UNUSED_VARIABLE = YES;
				IPHONEOS_DEPLOYMENT_TARGET = 16.1;
				MTL_ENABLE_DEBUG_INFO = INCLUDE_SOURCE;
				MTL_FAST_MATH = YES;
				ONLY_ACTIVE_ARCH = YES;
				SDKROOT = iphoneos;
				SWIFT_ACTIVE_COMPILATION_CONDITIONS = DEBUG;
				SWIFT_OPTIMIZATION_LEVEL = "-Onone";
			};
			name = Debug;
		};
		AF6F6586294F5B160072C79E /* Release */ = {
			isa = XCBuildConfiguration;
			buildSettings = {
				ALWAYS_SEARCH_USER_PATHS = NO;
				CLANG_ANALYZER_LOCALIZABILITY_NONLOCALIZED = YES;
				CLANG_ANALYZER_NONNULL = YES;
				CLANG_ANALYZER_NUMBER_OBJECT_CONVERSION = YES_AGGRESSIVE;
				CLANG_CXX_LANGUAGE_STANDARD = "gnu++20";
				CLANG_ENABLE_MODULES = YES;
				CLANG_ENABLE_OBJC_ARC = YES;
				CLANG_ENABLE_OBJC_WEAK = YES;
				CLANG_WARN_BLOCK_CAPTURE_AUTORELEASING = YES;
				CLANG_WARN_BOOL_CONVERSION = YES;
				CLANG_WARN_COMMA = YES;
				CLANG_WARN_CONSTANT_CONVERSION = YES;
				CLANG_WARN_DEPRECATED_OBJC_IMPLEMENTATIONS = YES;
				CLANG_WARN_DIRECT_OBJC_ISA_USAGE = YES_ERROR;
				CLANG_WARN_DOCUMENTATION_COMMENTS = YES;
				CLANG_WARN_EMPTY_BODY = YES;
				CLANG_WARN_ENUM_CONVERSION = YES;
				CLANG_WARN_INFINITE_RECURSION = YES;
				CLANG_WARN_INT_CONVERSION = YES;
				CLANG_WARN_NON_LITERAL_NULL_CONVERSION = YES;
				CLANG_WARN_OBJC_IMPLICIT_RETAIN_SELF = YES;
				CLANG_WARN_OBJC_LITERAL_CONVERSION = YES;
				CLANG_WARN_OBJC_ROOT_CLASS = YES_ERROR;
				CLANG_WARN_QUOTED_INCLUDE_IN_FRAMEWORK_HEADER = YES;
				CLANG_WARN_RANGE_LOOP_ANALYSIS = YES;
				CLANG_WARN_STRICT_PROTOTYPES = YES;
				CLANG_WARN_SUSPICIOUS_MOVE = YES;
				CLANG_WARN_UNGUARDED_AVAILABILITY = YES_AGGRESSIVE;
				CLANG_WARN_UNREACHABLE_CODE = YES;
				CLANG_WARN__DUPLICATE_METHOD_MATCH = YES;
				COPY_PHASE_STRIP = NO;
				DEBUG_INFORMATION_FORMAT = "dwarf-with-dsym";
				ENABLE_NS_ASSERTIONS = NO;
				ENABLE_STRICT_OBJC_MSGSEND = YES;
				GCC_C_LANGUAGE_STANDARD = gnu11;
				GCC_NO_COMMON_BLOCKS = YES;
				GCC_WARN_64_TO_32_BIT_CONVERSION = YES;
				GCC_WARN_ABOUT_RETURN_TYPE = YES_ERROR;
				GCC_WARN_UNDECLARED_SELECTOR = YES;
				GCC_WARN_UNINITIALIZED_AUTOS = YES_AGGRESSIVE;
				GCC_WARN_UNUSED_FUNCTION = YES;
				GCC_WARN_UNUSED_VARIABLE = YES;
				IPHONEOS_DEPLOYMENT_TARGET = 16.1;
				MTL_ENABLE_DEBUG_INFO = NO;
				MTL_FAST_MATH = YES;
				SDKROOT = iphoneos;
				SWIFT_COMPILATION_MODE = wholemodule;
				SWIFT_OPTIMIZATION_LEVEL = "-O";
				VALIDATE_PRODUCT = YES;
			};
			name = Release;
		};
		AF6F6588294F5B160072C79E /* Debug */ = {
			isa = XCBuildConfiguration;
			buildSettings = {
				ASSETCATALOG_COMPILER_APPICON_NAME = AppIcon;
				ASSETCATALOG_COMPILER_GLOBAL_ACCENT_COLOR_NAME = AccentColor;
				CODE_SIGN_IDENTITY = "Apple Development";
				CODE_SIGN_STYLE = Automatic;
				CURRENT_PROJECT_VERSION = 1;
				DEVELOPMENT_TEAM = Y47Y5YN8TD;
				GENERATE_INFOPLIST_FILE = YES;
				INFOPLIST_FILE = ImageFeed/Info.plist;
				INFOPLIST_KEY_UIApplicationSupportsIndirectInputEvents = YES;
				INFOPLIST_KEY_UILaunchStoryboardName = LaunchScreen.storyboard;
				INFOPLIST_KEY_UIMainStoryboardFile = Main;
				INFOPLIST_KEY_UIStatusBarStyle = "";
				INFOPLIST_KEY_UISupportedInterfaceOrientations = UIInterfaceOrientationPortrait;
				IPHONEOS_DEPLOYMENT_TARGET = 13.0;
				LD_RUNPATH_SEARCH_PATHS = (
					"$(inherited)",
					"@executable_path/Frameworks",
				);
				MARKETING_VERSION = 1.0;
				PRODUCT_BUNDLE_IDENTIFIER = Savhouse.ImageFeed;
				PRODUCT_NAME = "$(TARGET_NAME)";
				PROVISIONING_PROFILE_SPECIFIER = "";
				SUPPORTED_PLATFORMS = "iphoneos iphonesimulator";
				SUPPORTS_MACCATALYST = NO;
				SUPPORTS_MAC_DESIGNED_FOR_IPHONE_IPAD = NO;
				SWIFT_EMIT_LOC_STRINGS = YES;
				SWIFT_VERSION = 5.0;
				TARGETED_DEVICE_FAMILY = 1;
			};
			name = Debug;
		};
		AF6F6589294F5B160072C79E /* Release */ = {
			isa = XCBuildConfiguration;
			buildSettings = {
				ASSETCATALOG_COMPILER_APPICON_NAME = AppIcon;
				ASSETCATALOG_COMPILER_GLOBAL_ACCENT_COLOR_NAME = AccentColor;
				CODE_SIGN_IDENTITY = "Apple Development";
				CODE_SIGN_STYLE = Automatic;
				CURRENT_PROJECT_VERSION = 1;
				DEVELOPMENT_TEAM = Y47Y5YN8TD;
				GENERATE_INFOPLIST_FILE = YES;
				INFOPLIST_FILE = ImageFeed/Info.plist;
				INFOPLIST_KEY_UIApplicationSupportsIndirectInputEvents = YES;
				INFOPLIST_KEY_UILaunchStoryboardName = LaunchScreen.storyboard;
				INFOPLIST_KEY_UIMainStoryboardFile = Main;
				INFOPLIST_KEY_UIStatusBarStyle = "";
				INFOPLIST_KEY_UISupportedInterfaceOrientations = UIInterfaceOrientationPortrait;
				IPHONEOS_DEPLOYMENT_TARGET = 13.0;
				LD_RUNPATH_SEARCH_PATHS = (
					"$(inherited)",
					"@executable_path/Frameworks",
				);
				MARKETING_VERSION = 1.0;
				PRODUCT_BUNDLE_IDENTIFIER = Savhouse.ImageFeed;
				PRODUCT_NAME = "$(TARGET_NAME)";
				PROVISIONING_PROFILE_SPECIFIER = "";
				SUPPORTED_PLATFORMS = "iphoneos iphonesimulator";
				SUPPORTS_MACCATALYST = NO;
				SUPPORTS_MAC_DESIGNED_FOR_IPHONE_IPAD = NO;
				SWIFT_EMIT_LOC_STRINGS = YES;
				SWIFT_VERSION = 5.0;
				TARGETED_DEVICE_FAMILY = 1;
			};
			name = Release;
		};
		AF9E84BF29C63C7300DF6481 /* Debug */ = {
			isa = XCBuildConfiguration;
			buildSettings = {
				BUNDLE_LOADER = "$(TEST_HOST)";
				CODE_SIGN_STYLE = Automatic;
				CURRENT_PROJECT_VERSION = 1;
				DEVELOPMENT_TEAM = Y47Y5YN8TD;
				GENERATE_INFOPLIST_FILE = YES;
				IPHONEOS_DEPLOYMENT_TARGET = 13.0;
				MARKETING_VERSION = 1.0;
				PRODUCT_BUNDLE_IDENTIFIER = Savhouse.ImageFeedTests;
				PRODUCT_NAME = "$(TARGET_NAME)";
				SUPPORTED_PLATFORMS = "iphoneos iphonesimulator";
				SUPPORTS_MACCATALYST = NO;
				SUPPORTS_MAC_DESIGNED_FOR_IPHONE_IPAD = NO;
				SWIFT_EMIT_LOC_STRINGS = NO;
				SWIFT_VERSION = 5.0;
				TARGETED_DEVICE_FAMILY = 1;
				TEST_HOST = "$(BUILT_PRODUCTS_DIR)/ImageFeed.app/$(BUNDLE_EXECUTABLE_FOLDER_PATH)/ImageFeed";
			};
			name = Debug;
		};
		AF9E84C029C63C7300DF6481 /* Release */ = {
			isa = XCBuildConfiguration;
			buildSettings = {
				BUNDLE_LOADER = "$(TEST_HOST)";
				CODE_SIGN_STYLE = Automatic;
				CURRENT_PROJECT_VERSION = 1;
				DEVELOPMENT_TEAM = Y47Y5YN8TD;
				GENERATE_INFOPLIST_FILE = YES;
				IPHONEOS_DEPLOYMENT_TARGET = 13.0;
				MARKETING_VERSION = 1.0;
				PRODUCT_BUNDLE_IDENTIFIER = Savhouse.ImageFeedTests;
				PRODUCT_NAME = "$(TARGET_NAME)";
				SUPPORTED_PLATFORMS = "iphoneos iphonesimulator";
				SUPPORTS_MACCATALYST = NO;
				SUPPORTS_MAC_DESIGNED_FOR_IPHONE_IPAD = NO;
				SWIFT_EMIT_LOC_STRINGS = NO;
				SWIFT_VERSION = 5.0;
				TARGETED_DEVICE_FAMILY = 1;
				TEST_HOST = "$(BUILT_PRODUCTS_DIR)/ImageFeed.app/$(BUNDLE_EXECUTABLE_FOLDER_PATH)/ImageFeed";
			};
			name = Release;
		};
/* End XCBuildConfiguration section */

/* Begin XCConfigurationList section */
		AF610AFA29F0428700BC51B3 /* Build configuration list for PBXNativeTarget "ImageFeedUITests" */ = {
			isa = XCConfigurationList;
			buildConfigurations = (
				AF610AFB29F0428700BC51B3 /* Debug */,
				AF610AFC29F0428700BC51B3 /* Release */,
			);
			defaultConfigurationIsVisible = 0;
			defaultConfigurationName = Release;
		};
		AF6F656E294F5B140072C79E /* Build configuration list for PBXProject "ImageFeed" */ = {
			isa = XCConfigurationList;
			buildConfigurations = (
				AF6F6585294F5B160072C79E /* Debug */,
				AF6F6586294F5B160072C79E /* Release */,
			);
			defaultConfigurationIsVisible = 0;
			defaultConfigurationName = Release;
		};
		AF6F6587294F5B160072C79E /* Build configuration list for PBXNativeTarget "ImageFeed" */ = {
			isa = XCConfigurationList;
			buildConfigurations = (
				AF6F6588294F5B160072C79E /* Debug */,
				AF6F6589294F5B160072C79E /* Release */,
			);
			defaultConfigurationIsVisible = 0;
			defaultConfigurationName = Release;
		};
		AF9E84BE29C63C7300DF6481 /* Build configuration list for PBXNativeTarget "ImageFeedTests" */ = {
			isa = XCConfigurationList;
			buildConfigurations = (
				AF9E84BF29C63C7300DF6481 /* Debug */,
				AF9E84C029C63C7300DF6481 /* Release */,
			);
			defaultConfigurationIsVisible = 0;
			defaultConfigurationName = Release;
		};
/* End XCConfigurationList section */

/* Begin XCRemoteSwiftPackageReference section */
		AFA8F93E29B4172800B413A6 /* XCRemoteSwiftPackageReference "Kingfisher" */ = {
			isa = XCRemoteSwiftPackageReference;
			repositoryURL = "https://github.com/onevcat/Kingfisher.git";
			requirement = {
				kind = upToNextMajorVersion;
				minimumVersion = 7.0.0;
			};
		};
		AFA8F94129B493DB00B413A6 /* XCRemoteSwiftPackageReference "SwiftKeychainWrapper" */ = {
			isa = XCRemoteSwiftPackageReference;
			repositoryURL = "https://github.com/jrendel/SwiftKeychainWrapper";
			requirement = {
				kind = upToNextMajorVersion;
				minimumVersion = 4.0.0;
			};
		};
		AFE784E429A9045B00AE2BB2 /* XCRemoteSwiftPackageReference "ProgressHUD" */ = {
			isa = XCRemoteSwiftPackageReference;
			repositoryURL = "https://github.com/relatedcode/ProgressHUD";
			requirement = {
				kind = exactVersion;
				version = 13.6.2;
			};
		};
/* End XCRemoteSwiftPackageReference section */

/* Begin XCSwiftPackageProductDependency section */
		AFA8F93F29B4172800B413A6 /* Kingfisher */ = {
			isa = XCSwiftPackageProductDependency;
			package = AFA8F93E29B4172800B413A6 /* XCRemoteSwiftPackageReference "Kingfisher" */;
			productName = Kingfisher;
		};
		AFA8F94229B493DB00B413A6 /* SwiftKeychainWrapper */ = {
			isa = XCSwiftPackageProductDependency;
			package = AFA8F94129B493DB00B413A6 /* XCRemoteSwiftPackageReference "SwiftKeychainWrapper" */;
			productName = SwiftKeychainWrapper;
		};
		AFE784E529A9045B00AE2BB2 /* ProgressHUD */ = {
			isa = XCSwiftPackageProductDependency;
			package = AFE784E429A9045B00AE2BB2 /* XCRemoteSwiftPackageReference "ProgressHUD" */;
			productName = ProgressHUD;
		};
/* End XCSwiftPackageProductDependency section */
	};
	rootObject = AF6F656B294F5B140072C79E /* Project object */;
}
